
Microsoft Visual Studio Solution File, Format Version 12.00
# Visual Studio Version 17
VisualStudioVersion = 17.14.36616.10 d17.14
MinimumVisualStudioVersion = 10.0.40219.1
Project("{FAE04EC0-301F-11D3-BF4B-00C04F79EFBC}") = "Final_Stage", "Final_Stage\Final_Stage.csproj", "{C13DAA79-29A3-4D83-B7D0-B60461068591}"
EndProject
Project("{2150E333-8FDC-42A3-9474-1A3956D46DE8}") = "솔루션 항목", "솔루션 항목", "{2A3A057F-5D22-31FD-628C-DF5EF75AEF1E}"
EndProject
Global
	GlobalSection(SolutionConfigurationPlatforms) = preSolution
		Debug|Any CPU = Debug|Any CPU
		Release|Any CPU = Release|Any CPU
	EndGlobalSection
	GlobalSection(ProjectConfigurationPlatforms) = postSolution
		{C13DAA79-29A3-4D83-B7D0-B60461068591}.Debug|Any CPU.ActiveCfg = Debug|Any CPU
		{C13DAA79-29A3-4D83-B7D0-B60461068591}.Debug|Any CPU.Build.0 = Debug|Any CPU
		{C13DAA79-29A3-4D83-B7D0-B60461068591}.Release|Any CPU.ActiveCfg = Release|Any CPU
		{C13DAA79-29A3-4D83-B7D0-B60461068591}.Release|Any CPU.Build.0 = Release|Any CPU
	EndGlobalSection
	GlobalSection(SolutionProperties) = preSolution
		HideSolutionNode = FALSE
	EndGlobalSection
	GlobalSection(ExtensibilityGlobals) = postSolution
		SolutionGuid = {207D133C-E400-44EF-83D8-0DE20626C9E7}
	EndGlobalSection
EndGlobal
